// !$*UTF8*$!
{
	archiveVersion = 1;
	classes = {
	};
	objectVersion = 56;
	objects = {

/* Begin PBXBuildFile section */
		A10000000000000000000001 /* GameDBApp.swift in Sources */ = {isa = PBXBuildFile; fileRef = B10000000000000000000001 /* GameDBApp.swift */; };
		A10000000000000000000002 /* LibraryItem.swift in Sources */ = {isa = PBXBuildFile; fileRef = B10000000000000000000002 /* LibraryItem.swift */; };
		A10000000000000000000011 /* LibraryCSV.swift in Sources */ = {isa = PBXBuildFile; fileRef = B10000000000000000000011 /* LibraryCSV.swift */; };
		A10000000000000000000003 /* Database.swift in Sources */ = {isa = PBXBuildFile; fileRef = B10000000000000000000003 /* Database.swift */; };
		A10000000000000000000004 /* LibraryStore.swift in Sources */ = {isa = PBXBuildFile; fileRef = B10000000000000000000004 /* LibraryStore.swift */; };
		A10000000000000000000005 /* KeychainStore.swift in Sources */ = {isa = PBXBuildFile; fileRef = B10000000000000000000005 /* KeychainStore.swift */; };
		A10000000000000000000006 /* APIClient.swift in Sources */ = {isa = PBXBuildFile; fileRef = B10000000000000000000006 /* APIClient.swift */; };
		A10000000000000000000007 /* SyncService.swift in Sources */ = {isa = PBXBuildFile; fileRef = B10000000000000000000007 /* SyncService.swift */; };
		A10000000000000000000008 /* LibraryView.swift in Sources */ = {isa = PBXBuildFile; fileRef = B10000000000000000000008 /* LibraryView.swift */; };
		A10000000000000000000009 /* GameDetailView.swift in Sources */ = {isa = PBXBuildFile; fileRef = B10000000000000000000009 /* GameDetailView.swift */; };
		A1000000000000000000000A /* AddGameView.swift in Sources */ = {isa = PBXBuildFile; fileRef = B1000000000000000000000A /* AddGameView.swift */; };
		A10000000000000000000012 /* BarcodeScannerView.swift in Sources */ = {isa = PBXBuildFile; fileRef = B10000000000000000000012 /* BarcodeScannerView.swift */; };
		A1000000000000000000000B /* SettingsView.swift in Sources */ = {isa = PBXBuildFile; fileRef = B1000000000000000000000B /* SettingsView.swift */; };
		A1000000000000000000000C /* CoverView.swift in Sources */ = {isa = PBXBuildFile; fileRef = B1000000000000000000000C /* CoverView.swift */; };
		A1000000000000000000000D /* Assets.xcassets in Resources */ = {isa = PBXBuildFile; fileRef = B1000000000000000000000D /* Assets.xcassets */; };
		A1000000000000000000000E /* GRDB in Frameworks */ = {isa = PBXBuildFile; productRef = C10000000000000000000002 /* GRDB */; };
		A10000000000000000000020 /* GamePeekPreviewTests.swift in Sources */ = {isa = PBXBuildFile; fileRef = B10000000000000000000020 /* GamePeekPreviewTests.swift */; };
/* End PBXBuildFile section */

/* Begin PBXContainerItemProxy section */
		T10000000000000000000002 /* PBXContainerItemProxy */ = {
			isa = PBXContainerItemProxy;
			containerPortal = F10000000000000000000000 /* Project object */;
			proxyType = 1;
			remoteGlobalIDString = F10000000000000000000001;
			remoteInfo = GameDB;
		};
/* End PBXContainerItemProxy section */

/* Begin PBXFileReference section */
		B10000000000000000000000 /* GameDB.app */ = {isa = PBXFileReference; explicitFileType = wrapper.application; includeInIndex = 0; path = GameDB.app; sourceTree = BUILT_PRODUCTS_DIR; };
		B10000000000000000000001 /* GameDBApp.swift */ = {isa = PBXFileReference; lastKnownFileType = sourcecode.swift; path = GameDBApp.swift; sourceTree = "<group>"; };
		B10000000000000000000002 /* LibraryItem.swift */ = {isa = PBXFileReference; lastKnownFileType = sourcecode.swift; path = LibraryItem.swift; sourceTree = "<group>"; };
		B10000000000000000000011 /* LibraryCSV.swift */ = {isa = PBXFileReference; lastKnownFileType = sourcecode.swift; path = LibraryCSV.swift; sourceTree = "<group>"; };
		B10000000000000000000003 /* Database.swift */ = {isa = PBXFileReference; lastKnownFileType = sourcecode.swift; path = Database.swift; sourceTree = "<group>"; };
		B10000000000000000000004 /* LibraryStore.swift */ = {isa = PBXFileReference; lastKnownFileType = sourcecode.swift; path = LibraryStore.swift; sourceTree = "<group>"; };
		B10000000000000000000005 /* KeychainStore.swift */ = {isa = PBXFileReference; lastKnownFileType = sourcecode.swift; path = KeychainStore.swift; sourceTree = "<group>"; };
		B10000000000000000000006 /* APIClient.swift */ = {isa = PBXFileReference; lastKnownFileType = sourcecode.swift; path = APIClient.swift; sourceTree = "<group>"; };
		B10000000000000000000007 /* SyncService.swift */ = {isa = PBXFileReference; lastKnownFileType = sourcecode.swift; path = SyncService.swift; sourceTree = "<group>"; };
		B10000000000000000000008 /* LibraryView.swift */ = {isa = PBXFileReference; lastKnownFileType = sourcecode.swift; path = LibraryView.swift; sourceTree = "<group>"; };
		B10000000000000000000009 /* GameDetailView.swift */ = {isa = PBXFileReference; lastKnownFileType = sourcecode.swift; path = GameDetailView.swift; sourceTree = "<group>"; };
		B1000000000000000000000A /* AddGameView.swift */ = {isa = PBXFileReference; lastKnownFileType = sourcecode.swift; path = AddGameView.swift; sourceTree = "<group>"; };
		B10000000000000000000012 /* BarcodeScannerView.swift */ = {isa = PBXFileReference; lastKnownFileType = sourcecode.swift; path = BarcodeScannerView.swift; sourceTree = "<group>"; };
		B1000000000000000000000B /* SettingsView.swift */ = {isa = PBXFileReference; lastKnownFileType = sourcecode.swift; path = SettingsView.swift; sourceTree = "<group>"; };
		B1000000000000000000000C /* CoverView.swift */ = {isa = PBXFileReference; lastKnownFileType = sourcecode.swift; path = CoverView.swift; sourceTree = "<group>"; };
		B1000000000000000000000D /* Assets.xcassets */ = {isa = PBXFileReference; lastKnownFileType = folder.assetcatalog; path = Assets.xcassets; sourceTree = "<group>"; };
		B1000000000000000000000F /* Info.plist */ = {isa = PBXFileReference; lastKnownFileType = text.plist.xml; path = Info.plist; sourceTree = "<group>"; };
		B10000000000000000000020 /* GamePeekPreviewTests.swift */ = {isa = PBXFileReference; lastKnownFileType = sourcecode.swift; path = GamePeekPreviewTests.swift; sourceTree = "<group>"; };
		B10000000000000000000021 /* GameDBTests.xctest */ = {isa = PBXFileReference; explicitFileType = wrapper.cfbundle; includeInIndex = 0; path = GameDBTests.xctest; sourceTree = BUILT_PRODUCTS_DIR; };
/* End PBXFileReference section */

/* Begin PBXFrameworksBuildPhase section */
		D10000000000000000000002 /* Frameworks */ = {
			isa = PBXFrameworksBuildPhase;
			buildActionMask = 2147483647;
			files = (
				A1000000000000000000000E /* GRDB in Frameworks */,
			);
			runOnlyForDeploymentPostprocessing = 0;
		};
		D10000000000000000000012 /* Frameworks */ = {
			isa = PBXFrameworksBuildPhase;
			buildActionMask = 2147483647;
			files = (
			);
			runOnlyForDeploymentPostprocessing = 0;
		};
/* End PBXFrameworksBuildPhase section */

/* Begin PBXGroup section */
		E10000000000000000000001 = {
			isa = PBXGroup;
			children = (
				E10000000000000000000002 /* GameDB */,
				E10000000000000000000008 /* GameDBTests */,
				E10000000000000000000003 /* Products */,
			);
			sourceTree = "<group>";
		};
		E10000000000000000000002 /* GameDB */ = {
			isa = PBXGroup;
			children = (
				B10000000000000000000001 /* GameDBApp.swift */,
				E10000000000000000000004 /* Models */,
				E10000000000000000000005 /* Store */,
				E10000000000000000000006 /* Sync */,
				E10000000000000000000007 /* Views */,
				B1000000000000000000000D /* Assets.xcassets */,
				B1000000000000000000000F /* Info.plist */,
			);
			path = GameDB;
			sourceTree = "<group>";
		};
		E10000000000000000000003 /* Products */ = {
			isa = PBXGroup;
			children = (
				B10000000000000000000000 /* GameDB.app */,
				B10000000000000000000021 /* GameDBTests.xctest */,
			);
			name = Products;
			sourceTree = "<group>";
		};
		E10000000000000000000004 /* Models */ = {
			isa = PBXGroup;
			children = (
				B10000000000000000000002 /* LibraryItem.swift */,
				B10000000000000000000011 /* LibraryCSV.swift */,
			);
			path = Models;
			sourceTree = "<group>";
		};
		E10000000000000000000005 /* Store */ = {
			isa = PBXGroup;
			children = (
				B10000000000000000000003 /* Database.swift */,
				B10000000000000000000004 /* LibraryStore.swift */,
			);
			path = Store;
			sourceTree = "<group>";
		};
		E10000000000000000000006 /* Sync */ = {
			isa = PBXGroup;
			children = (
				B10000000000000000000005 /* KeychainStore.swift */,
				B10000000000000000000006 /* APIClient.swift */,
				B10000000000000000000007 /* SyncService.swift */,
			);
			path = Sync;
			sourceTree = "<group>";
		};
		E10000000000000000000007 /* Views */ = {
			isa = PBXGroup;
			children = (
				B10000000000000000000008 /* LibraryView.swift */,
				B10000000000000000000009 /* GameDetailView.swift */,
				B1000000000000000000000A /* AddGameView.swift */,
				B10000000000000000000012 /* BarcodeScannerView.swift */,
				B1000000000000000000000B /* SettingsView.swift */,
				B1000000000000000000000C /* CoverView.swift */,
			);
			path = Views;
			sourceTree = "<group>";
		};
		E10000000000000000000008 /* GameDBTests */ = {
			isa = PBXGroup;
			children = (
				B10000000000000000000020 /* GamePeekPreviewTests.swift */,
			);
			path = GameDBTests;
			sourceTree = "<group>";
		};
/* End PBXGroup section */

/* Begin PBXNativeTarget section */
		F10000000000000000000001 /* GameDB */ = {
			isa = PBXNativeTarget;
			buildConfigurationList = F10000000000000000000004 /* Build configuration list for PBXNativeTarget "GameDB" */;
			buildPhases = (
				D10000000000000000000001 /* Sources */,
				D10000000000000000000002 /* Frameworks */,
				D10000000000000000000003 /* Resources */,
			);
			buildRules = (
			);
			dependencies = (
			);
			name = GameDB;
			packageProductDependencies = (
				C10000000000000000000002 /* GRDB */,
			);
			productName = GameDB;
			productReference = B10000000000000000000000 /* GameDB.app */;
			productType = "com.apple.product-type.application";
		};
		F10000000000000000000011 /* GameDBTests */ = {
			isa = PBXNativeTarget;
			buildConfigurationList = F10000000000000000000012 /* Build configuration list for PBXNativeTarget "GameDBTests" */;
			buildPhases = (
				D10000000000000000000011 /* Sources */,
				D10000000000000000000012 /* Frameworks */,
				D10000000000000000000013 /* Resources */,
			);
			buildRules = (
			);
			dependencies = (
				T10000000000000000000001 /* PBXTargetDependency */,
			);
			name = GameDBTests;
			productName = GameDBTests;
			productReference = B10000000000000000000021 /* GameDBTests.xctest */;
			productType = "com.apple.product-type.bundle.unit-test";
		};
/* End PBXNativeTarget section */

/* Begin PBXProject section */
		F10000000000000000000000 /* Project object */ = {
			isa = PBXProject;
			attributes = {
				BuildIndependentTargetsInParallel = 1;
				LastSwiftUpdateCheck = 1600;
				LastUpgradeCheck = 1600;
				TargetAttributes = {
					F10000000000000000000011 = {
						CreatedOnToolsVersion = 16.0;
						TestTargetID = F10000000000000000000001;
					};
				};
			};
			buildConfigurationList = F10000000000000000000003 /* Build configuration list for PBXProject "GameDB" */;
			compatibilityVersion = "Xcode 14.0";
			developmentRegion = en;
			hasScannedForEncodings = 0;
			knownRegions = (
				en,
				Base,
			);
			mainGroup = E10000000000000000000001;
			packageReferences = (
				C10000000000000000000001 /* XCRemoteSwiftPackageReference "GRDB" */,
			);
			productRefGroup = E10000000000000000000003 /* Products */;
			projectDirPath = "";
			projectRoot = "";
			targets = (
				F10000000000000000000001 /* GameDB */,
				F10000000000000000000011 /* GameDBTests */,
			);
		};
/* End PBXProject section */

/* Begin PBXResourcesBuildPhase section */
		D10000000000000000000003 /* Resources */ = {
			isa = PBXResourcesBuildPhase;
			buildActionMask = 2147483647;
			files = (
				A1000000000000000000000D /* Assets.xcassets in Resources */,
			);
			runOnlyForDeploymentPostprocessing = 0;
		};
		D10000000000000000000013 /* Resources */ = {
			isa = PBXResourcesBuildPhase;
			buildActionMask = 2147483647;
			files = (
			);
			runOnlyForDeploymentPostprocessing = 0;
		};
/* End PBXResourcesBuildPhase section */

/* Begin PBXSourcesBuildPhase section */
		D10000000000000000000001 /* Sources */ = {
			isa = PBXSourcesBuildPhase;
			buildActionMask = 2147483647;
			files = (
				A10000000000000000000001 /* GameDBApp.swift in Sources */,
				A10000000000000000000002 /* LibraryItem.swift in Sources */,
				A10000000000000000000011 /* LibraryCSV.swift in Sources */,
				A10000000000000000000003 /* Database.swift in Sources */,
				A10000000000000000000004 /* LibraryStore.swift in Sources */,
				A10000000000000000000005 /* KeychainStore.swift in Sources */,
				A10000000000000000000006 /* APIClient.swift in Sources */,
				A10000000000000000000007 /* SyncService.swift in Sources */,
				A10000000000000000000008 /* LibraryView.swift in Sources */,
				A10000000000000000000009 /* GameDetailView.swift in Sources */,
				A1000000000000000000000A /* AddGameView.swift in Sources */,
				A10000000000000000000012 /* BarcodeScannerView.swift in Sources */,
				A1000000000000000000000B /* SettingsView.swift in Sources */,
				A1000000000000000000000C /* CoverView.swift in Sources */,
			);
			runOnlyForDeploymentPostprocessing = 0;
		};
		D10000000000000000000011 /* Sources */ = {
			isa = PBXSourcesBuildPhase;
			buildActionMask = 2147483647;
			files = (
				A10000000000000000000020 /* GamePeekPreviewTests.swift in Sources */,
			);
			runOnlyForDeploymentPostprocessing = 0;
		};
/* End PBXSourcesBuildPhase section */

/* Begin PBXTargetDependency section */
		T10000000000000000000001 /* PBXTargetDependency */ = {
			isa = PBXTargetDependency;
			target = F10000000000000000000001 /* GameDB */;
			targetProxy = T10000000000000000000002 /* PBXContainerItemProxy */;
		};
/* End PBXTargetDependency section */

/* Begin XCBuildConfiguration section */
		G10000000000000000000001 /* Debug */ = {
			isa = XCBuildConfiguration;
			buildSettings = {
				ALWAYS_SEARCH_USER_PATHS = NO;
				CLANG_ENABLE_MODULES = YES;
				CLANG_ENABLE_OBJC_ARC = YES;
				COPY_PHASE_STRIP = NO;
				DEBUG_INFORMATION_FORMAT = dwarf;
				ENABLE_TESTABILITY = YES;
				GCC_DYNAMIC_NO_PIC = NO;
				GCC_OPTIMIZATION_LEVEL = 0;
				IPHONEOS_DEPLOYMENT_TARGET = 17.0;
				MTL_ENABLE_DEBUG_INFO = INCLUDE_SOURCE;
				ONLY_ACTIVE_ARCH = YES;
				SDKROOT = iphoneos;
				SWIFT_ACTIVE_COMPILATION_CONDITIONS = DEBUG;
				SWIFT_OPTIMIZATION_LEVEL = "-Onone";
			};
			name = Debug;
		};
		G10000000000000000000002 /* Release */ = {
			isa = XCBuildConfiguration;
			buildSettings = {
				ALWAYS_SEARCH_USER_PATHS = NO;
				CLANG_ENABLE_MODULES = YES;
				CLANG_ENABLE_OBJC_ARC = YES;
				COPY_PHASE_STRIP = NO;
				DEBUG_INFORMATION_FORMAT = "dwarf-with-dsym";
				IPHONEOS_DEPLOYMENT_TARGET = 17.0;
				SDKROOT = iphoneos;
				SWIFT_COMPILATION_MODE = wholemodule;
				VALIDATE_PRODUCT = YES;
			};
			name = Release;
		};
		G10000000000000000000003 /* Debug */ = {
			isa = XCBuildConfiguration;
			buildSettings = {
				ASSETCATALOG_COMPILER_APPICON_NAME = AppIcon;
				CODE_SIGN_STYLE = Automatic;
				CURRENT_PROJECT_VERSION = 1;
				DEVELOPMENT_TEAM = UVXX33WP85;
				ENABLE_PREVIEWS = YES;
				GENERATE_INFOPLIST_FILE = YES;
				INFOPLIST_FILE = GameDB/Info.plist;
				INFOPLIST_KEY_CFBundleDisplayName = "game-db";
				INFOPLIST_KEY_LSRequiresIPhoneOS = YES;
				INFOPLIST_KEY_NSCameraUsageDescription = "Scan the barcode on a game box to add it to your library.";
				INFOPLIST_KEY_UIApplicationSupportsIndirectInputEvents = YES;
				INFOPLIST_KEY_UILaunchScreen_Generation = YES;
				INFOPLIST_KEY_UISupportedInterfaceOrientations_iPad = "UIInterfaceOrientationPortrait UIInterfaceOrientationPortraitUpsideDown UIInterfaceOrientationLandscapeLeft UIInterfaceOrientationLandscapeRight";
				INFOPLIST_KEY_UISupportedInterfaceOrientations_iPhone = "UIInterfaceOrientationPortrait UIInterfaceOrientationLandscapeLeft UIInterfaceOrientationLandscapeRight";
				LD_RUNPATH_SEARCH_PATHS = (
					"$(inherited)",
					"@executable_path/Frameworks",
				);
				MARKETING_VERSION = 0.1.0;
				PRODUCT_BUNDLE_IDENTIFIER = app.gamedb.ios;
				PRODUCT_NAME = "$(TARGET_NAME)";
				SUPPORTED_PLATFORMS = "iphoneos iphonesimulator";
				SWIFT_EMIT_LOC_STRINGS = YES;
				SWIFT_VERSION = 5.0;
				TARGETED_DEVICE_FAMILY = "1,2";
			};
			name = Debug;
		};
		G10000000000000000000004 /* Release */ = {
			isa = XCBuildConfiguration;
			buildSettings = {
				ASSETCATALOG_COMPILER_APPICON_NAME = AppIcon;
				CODE_SIGN_STYLE = Automatic;
				CURRENT_PROJECT_VERSION = 1;
				DEVELOPMENT_TEAM = UVXX33WP85;
				ENABLE_PREVIEWS = YES;
				GENERATE_INFOPLIST_FILE = YES;
				INFOPLIST_FILE = GameDB/Info.plist;
				INFOPLIST_KEY_CFBundleDisplayName = "game-db";
				INFOPLIST_KEY_LSRequiresIPhoneOS = YES;
				INFOPLIST_KEY_NSCameraUsageDescription = "Scan the barcode on a game box to add it to your library.";
				INFOPLIST_KEY_UIApplicationSupportsIndirectInputEvents = YES;
				INFOPLIST_KEY_UILaunchScreen_Generation = YES;
				INFOPLIST_KEY_UISupportedInterfaceOrientations_iPad = "UIInterfaceOrientationPortrait UIInterfaceOrientationPortraitUpsideDown UIInterfaceOrientationLandscapeLeft UIInterfaceOrientationLandscapeRight";
				INFOPLIST_KEY_UISupportedInterfaceOrientations_iPhone = "UIInterfaceOrientationPortrait UIInterfaceOrientationLandscapeLeft UIInterfaceOrientationLandscapeRight";
				LD_RUNPATH_SEARCH_PATHS = (
					"$(inherited)",
					"@executable_path/Frameworks",
				);
				MARKETING_VERSION = 0.1.0;
				PRODUCT_BUNDLE_IDENTIFIER = app.gamedb.ios;
				PRODUCT_NAME = "$(TARGET_NAME)";
				SUPPORTED_PLATFORMS = "iphoneos iphonesimulator";
				SWIFT_EMIT_LOC_STRINGS = YES;
				SWIFT_VERSION = 5.0;
				TARGETED_DEVICE_FAMILY = "1,2";
			};
			name = Release;
		};
		G10000000000000000000005 /* Debug */ = {
			isa = XCBuildConfiguration;
			buildSettings = {
				BUNDLE_LOADER = "$(TEST_HOST)";
				CODE_SIGN_STYLE = Automatic;
				CURRENT_PROJECT_VERSION = 1;
				DEVELOPMENT_TEAM = UVXX33WP85;
				GENERATE_INFOPLIST_FILE = YES;
				IPHONEOS_DEPLOYMENT_TARGET = 17.0;
				LD_RUNPATH_SEARCH_PATHS = (
					"$(inherited)",
					"@executable_path/Frameworks",
					"@loader_path/Frameworks",
				);
				MARKETING_VERSION = 0.1.0;
				PRODUCT_BUNDLE_IDENTIFIER = app.gamedb.ios.tests;
				PRODUCT_NAME = "$(TARGET_NAME)";
				SUPPORTED_PLATFORMS = "iphoneos iphonesimulator";
				SWIFT_EMIT_LOC_STRINGS = NO;
				SWIFT_VERSION = 5.0;
				TARGETED_DEVICE_FAMILY = "1,2";
				TEST_HOST = "$(BUILT_PRODUCTS_DIR)/GameDB.app/$(BUNDLE_EXECUTABLE_FOLDER_PATH)/GameDB";
			};
			name = Debug;
		};
		G10000000000000000000006 /* Release */ = {
			isa = XCBuildConfiguration;
			buildSettings = {
				BUNDLE_LOADER = "$(TEST_HOST)";
				CODE_SIGN_STYLE = Automatic;
				CURRENT_PROJECT_VERSION = 1;
				DEVELOPMENT_TEAM = UVXX33WP85;
				GENERATE_INFOPLIST_FILE = YES;
				IPHONEOS_DEPLOYMENT_TARGET = 17.0;
				LD_RUNPATH_SEARCH_PATHS = (
					"$(inherited)",
					"@executable_path/Frameworks",
					"@loader_path/Frameworks",
				);
				MARKETING_VERSION = 0.1.0;
				PRODUCT_BUNDLE_IDENTIFIER = app.gamedb.ios.tests;
				PRODUCT_NAME = "$(TARGET_NAME)";
				SUPPORTED_PLATFORMS = "iphoneos iphonesimulator";
				SWIFT_EMIT_LOC_STRINGS = NO;
				SWIFT_VERSION = 5.0;
				TARGETED_DEVICE_FAMILY = "1,2";
				TEST_HOST = "$(BUILT_PRODUCTS_DIR)/GameDB.app/$(BUNDLE_EXECUTABLE_FOLDER_PATH)/GameDB";
			};
			name = Release;
		};
/* End XCBuildConfiguration section */

/* Begin XCConfigurationList section */
		F10000000000000000000003 /* Build configuration list for PBXProject "GameDB" */ = {
			isa = XCConfigurationList;
			buildConfigurations = (
				G10000000000000000000001 /* Debug */,
				G10000000000000000000002 /* Release */,
			);
			defaultConfigurationIsVisible = 0;
			defaultConfigurationName = Release;
		};
		F10000000000000000000004 /* Build configuration list for PBXNativeTarget "GameDB" */ = {
			isa = XCConfigurationList;
			buildConfigurations = (
				G10000000000000000000003 /* Debug */,
				G10000000000000000000004 /* Release */,
			);
			defaultConfigurationIsVisible = 0;
			defaultConfigurationName = Release;
		};
		F10000000000000000000012 /* Build configuration list for PBXNativeTarget "GameDBTests" */ = {
			isa = XCConfigurationList;
			buildConfigurations = (
				G10000000000000000000005 /* Debug */,
				G10000000000000000000006 /* Release */,
			);
			defaultConfigurationIsVisible = 0;
			defaultConfigurationName = Release;
		};
/* End XCConfigurationList section */

/* Begin XCRemoteSwiftPackageReference section */
		C10000000000000000000001 /* XCRemoteSwiftPackageReference "GRDB" */ = {
			isa = XCRemoteSwiftPackageReference;
			repositoryURL = "https://github.com/groue/GRDB.swift";
			requirement = {
				kind = upToNextMajorVersion;
				minimumVersion = 7.0.0;
			};
		};
/* End XCRemoteSwiftPackageReference section */

/* Begin XCSwiftPackageProductDependency section */
		C10000000000000000000002 /* GRDB */ = {
			isa = XCSwiftPackageProductDependency;
			package = C10000000000000000000001 /* XCRemoteSwiftPackageReference "GRDB" */;
			productName = GRDB;
		};
/* End XCSwiftPackageProductDependency section */
	};
	rootObject = F10000000000000000000000 /* Project object */;
}
